{
  "nodes": {
    "compile_mode": {
      "flake": false,
      "locked": {
        "lastModified": 1770110960,
        "narHash": "sha256-AoEuE+BLQwAHgvkanLUU6kd4HhAyn9Y53lRAYnoghz4=",
        "owner": "ej-shafran",
        "repo": "compile-mode.nvim",
        "rev": "6b41499bd782be2c213011072ce0f0eb9f7b78a2",
        "type": "github"
      },
      "original": {
        "owner": "ej-shafran",
        "repo": "compile-mode.nvim",
        "type": "github"
      }
    },
    "flake-parts": {
      "inputs": {
        "nixpkgs-lib": [
          "nixpkgs"
        ]
      },
      "locked": {
        "lastModified": 1772408722,
        "narHash": "sha256-rHuJtdcOjK7rAHpHphUb1iCvgkU3GpfvicLMwwnfMT0=",
        "owner": "hercules-ci",
        "repo": "flake-parts",
        "rev": "f20dc5d9b8027381c474144ecabc9034d6a839a3",
        "type": "github"
      },
      "original": {
        "owner": "hercules-ci",
        "repo": "flake-parts",
        "type": "github"
      }
    },
    "neovim-nightly-overlay": {
      "inputs": {
        "flake-parts": [
          "flake-parts"
        ],
        "neovim-src": "neovim-src",
        "nixpkgs": [
          "nixpkgs"
        ]
      },
      "locked": {
        "lastModified": 1774656308,
        "narHash": "sha256-k+L2Q5DtNGkPy+JgfhpTxpngdxy+FVz269iNfCYVy5E=",
        "owner": "nix-community",
        "repo": "neovim-nightly-overlay",
        "rev": "114911d841b928b2b147511bec7121af310d7a23",
        "type": "github"
      },
      "original": {
        "owner": "nix-community",
        "repo": "neovim-nightly-overlay",
        "type": "github"
      }
    },
    "neovim-src": {
      "flake": false,
      "locked": {
        "lastModified": 1774652330,
        "narHash": "sha256-dqlsjRaLgD87D8YaC8842bhYziuRQ2qvTDgQDKL1ttQ=",
        "owner": "neovim",
        "repo": "neovim",
        "rev": "f027f41e2cfba7be8c4841cb1a036827375bbd73",
        "type": "github"
      },
      "original": {
        "owner": "neovim",
        "repo": "neovim",
        "type": "github"
      }
    },
    "nixpkgs": {
      "locked": {
        "lastModified": 1774273680,
        "narHash": "sha256-a++tZ1RQsDb1I0NHrFwdGuRlR5TORvCEUksM459wKUA=",
        "owner": "nixos",
        "repo": "nixpkgs",
        "rev": "fdc7b8f7b30fdbedec91b71ed82f36e1637483ed",
        "type": "github"
      },
      "original": {
        "owner": "nixos",
        "ref": "nixpkgs-unstable",
        "repo": "nixpkgs",
        "type": "github"
      }
    },
    "root": {
      "inputs": {
        "compile_mode": "compile_mode",
        "flake-parts": "flake-parts",
        "neovim-nightly-overlay": "neovim-nightly-overlay",
        "nixpkgs": "nixpkgs",
        "wrappers": "wrappers"
      }
    },
    "wrappers": {
      "inputs": {
        "nixpkgs": [
          "nixpkgs"
        ]
      },
      "locked": {
        "lastModified": 1774622331,
        "narHash": "sha256-73C9XYuBrgo8unDbmqEFq4pNwQaSGXrTnBckqkOXmBk=",
        "owner": "BirdeeHub",
        "repo": "nix-wrapper-modules",
        "rev": "364e0007179fc2c910a6588e8826fd3fd7a45c14",
        "type": "github"
      },
      "original": {
        "owner": "BirdeeHub",
        "repo": "nix-wrapper-modules",
        "type": "github"
      }
    }
  },
  "root": "root",
  "version": 7
}
